{
    "name": "object-form-encoder",
    "version": "0.0.1",
    "lockfileVersion": 3,
    "requires": true,
    "packages": {
        "": {
            "name": "object-form-encoder",
            "version": "0.0.1",
            "license": "MIT",
            "devDependencies": {
                "@types/jsdom": "^21.1.3",
                "jsdom": "^22.1.0",
                "typescript": "^5.2.2",
                "vitest": "^0.34.6"
            }
        },
        "node_modules/@esbuild/darwin-arm64": {
            "version": "0.19.4",
            "cpu": [
                "arm64"
            ],
            "dev": true,
            "license": "MIT",
            "optional": true,
            "os": [
                "darwin"
            ],
            "engines": {
                "node": ">=12"
            }
        },
        "node_modules/@jest/schemas": {
            "version": "29.6.3",
            "dev": true,
            "license": "MIT",
            "dependencies": {
                "@sinclair/typebox": "^0.27.8"
            },
            "engines": {
                "node": "^14.15.0 || ^16.10.0 || >=18.0.0"
            }
        },
        "node_modules/@jridgewell/sourcemap-codec": {
            "version": "1.4.15",
            "dev": true,
            "license": "MIT"
        },
        "node_modules/@sinclair/typebox": {
            "version": "0.27.8",
            "dev": true,
            "license": "MIT"
        },
        "node_modules/@tootallnate/once": {
            "version": "2.0.0",
            "dev": true,
            "license": "MIT",
            "engines": {
                "node": ">= 10"
            }
        },
        "node_modules/@types/chai": {
            "version": "4.3.6",
            "dev": true,
            "license": "MIT"
        },
        "node_modules/@types/chai-subset": {
            "version": "1.3.3",
            "dev": true,
            "license": "MIT",
            "dependencies": {
                "@types/chai": "*"
            }
        },
        "node_modules/@types/jsdom": {
            "version": "21.1.3",
            "resolved": "https://registry.npmjs.org/@types/jsdom/-/jsdom-21.1.3.tgz",
            "integrity": "sha512-1zzqSP+iHJYV4lB3lZhNBa012pubABkj9yG/GuXuf6LZH1cSPIJBqFDrm5JX65HHt6VOnNYdTui/0ySerRbMgA==",
            "dev": true,
            "dependencies": {
                "@types/node": "*",
                "@types/tough-cookie": "*",
                "parse5": "^7.0.0"
            }
        },
        "node_modules/@types/node": {
            "version": "20.8.3",
            "dev": true,
            "license": "MIT"
        },
        "node_modules/@types/tough-cookie": {
            "version": "4.0.3",
            "resolved": "https://registry.npmjs.org/@types/tough-cookie/-/tough-cookie-4.0.3.tgz",
            "integrity": "sha512-THo502dA5PzG/sfQH+42Lw3fvmYkceefOspdCwpHRul8ik2Jv1K8I5OZz1AT3/rs46kwgMCe9bSBmDLYkkOMGg==",
            "dev": true
        },
        "node_modules/@vitest/expect": {
            "version": "0.34.6",
            "dev": true,
            "license": "MIT",
            "dependencies": {
                "@vitest/spy": "0.34.6",
                "@vitest/utils": "0.34.6",
                "chai": "^4.3.10"
            },
            "funding": {
                "url": "https://opencollective.com/vitest"
            }
        },
        "node_modules/@vitest/runner": {
            "version": "0.34.6",
            "dev": true,
            "license": "MIT",
            "dependencies": {
                "@vitest/utils": "0.34.6",
                "p-limit": "^4.0.0",
                "pathe": "^1.1.1"
            },
            "funding": {
                "url": "https://opencollective.com/vitest"
            }
        },
        "node_modules/@vitest/snapshot": {
            "version": "0.34.6",
            "dev": true,
            "license": "MIT",
            "dependencies": {
                "magic-string": "^0.30.1",
                "pathe": "^1.1.1",
                "pretty-format": "^29.5.0"
            },
            "funding": {
                "url": "https://opencollective.com/vitest"
            }
        },
        "node_modules/@vitest/spy": {
            "version": "0.34.6",
            "dev": true,
            "license": "MIT",
            "dependencies": {
                "tinyspy": "^2.1.1"
            },
            "funding": {
                "url": "https://opencollective.com/vitest"
            }
        },
        "node_modules/@vitest/utils": {
            "version": "0.34.6",
            "dev": true,
            "license": "MIT",
            "dependencies": {
                "diff-sequences": "^29.4.3",
                "loupe": "^2.3.6",
                "pretty-format": "^29.5.0"
            },
            "funding": {
                "url": "https://opencollective.com/vitest"
            }
        },
        "node_modules/abab": {
            "version": "2.0.6",
            "dev": true,
            "license": "BSD-3-Clause"
        },
        "node_modules/acorn": {
            "version": "8.10.0",
            "dev": true,
            "license": "MIT",
            "bin": {
                "acorn": "bin/acorn"
            },
            "engines": {
                "node": ">=0.4.0"
            }
        },
        "node_modules/acorn-walk": {
            "version": "8.2.0",
            "dev": true,
            "license": "MIT",
            "engines": {
                "node": ">=0.4.0"
            }
        },
        "node_modules/agent-base": {
            "version": "6.0.2",
            "dev": true,
            "license": "MIT",
            "dependencies": {
                "debug": "4"
            },
            "engines": {
                "node": ">= 6.0.0"
            }
        },
        "node_modules/ansi-styles": {
            "version": "5.2.0",
            "dev": true,
            "license": "MIT",
            "engines": {
                "node": ">=10"
            },
            "funding": {
                "url": "https://github.com/chalk/ansi-styles?sponsor=1"
            }
        },
        "node_modules/assertion-error": {
            "version": "1.1.0",
            "dev": true,
            "license": "MIT",
            "engines": {
                "node": "*"
            }
        },
        "node_modules/asynckit": {
            "version": "0.4.0",
            "dev": true,
            "license": "MIT"
        },
        "node_modules/cac": {
            "version": "6.7.14",
            "dev": true,
            "license": "MIT",
            "engines": {
                "node": ">=8"
            }
        },
        "node_modules/chai": {
            "version": "4.3.10",
            "dev": true,
            "license": "MIT",
            "dependencies": {
                "assertion-error": "^1.1.0",
                "check-error": "^1.0.3",
                "deep-eql": "^4.1.3",
                "get-func-name": "^2.0.2",
                "loupe": "^2.3.6",
                "pathval": "^1.1.1",
                "type-detect": "^4.0.8"
            },
            "engines": {
                "node": ">=4"
            }
        },
        "node_modules/check-error": {
            "version": "1.0.3",
            "dev": true,
            "license": "MIT",
            "dependencies": {
                "get-func-name": "^2.0.2"
            },
            "engines": {
                "node": "*"
            }
        },
        "node_modules/combined-stream": {
            "version": "1.0.8",
            "dev": true,
            "license": "MIT",
            "dependencies": {
                "delayed-stream": "~1.0.0"
            },
            "engines": {
                "node": ">= 0.8"
            }
        },
        "node_modules/cssstyle": {
            "version": "3.0.0",
            "dev": true,
            "license": "MIT",
            "dependencies": {
                "rrweb-cssom": "^0.6.0"
            },
            "engines": {
                "node": ">=14"
            }
        },
        "node_modules/data-urls": {
            "version": "4.0.0",
            "dev": true,
            "license": "MIT",
            "dependencies": {
                "abab": "^2.0.6",
                "whatwg-mimetype": "^3.0.0",
                "whatwg-url": "^12.0.0"
            },
            "engines": {
                "node": ">=14"
            }
        },
        "node_modules/debug": {
            "version": "4.3.4",
            "dev": true,
            "license": "MIT",
            "dependencies": {
                "ms": "2.1.2"
            },
            "engines": {
                "node": ">=6.0"
            },
            "peerDependenciesMeta": {
                "supports-color": {
                    "optional": true
                }
            }
        },
        "node_modules/decimal.js": {
            "version": "10.4.3",
            "dev": true,
            "license": "MIT"
        },
        "node_modules/deep-eql": {
            "version": "4.1.3",
            "dev": true,
            "license": "MIT",
            "dependencies": {
                "type-detect": "^4.0.0"
            },
            "engines": {
                "node": ">=6"
            }
        },
        "node_modules/delayed-stream": {
            "version": "1.0.0",
            "dev": true,
            "license": "MIT",
            "engines": {
                "node": ">=0.4.0"
            }
        },
        "node_modules/diff-sequences": {
            "version": "29.6.3",
            "dev": true,
            "license": "MIT",
            "engines": {
                "node": "^14.15.0 || ^16.10.0 || >=18.0.0"
            }
        },
        "node_modules/domexception": {
            "version": "4.0.0",
            "dev": true,
            "license": "MIT",
            "dependencies": {
                "webidl-conversions": "^7.0.0"
            },
            "engines": {
                "node": ">=12"
            }
        },
        "node_modules/entities": {
            "version": "4.5.0",
            "dev": true,
            "license": "BSD-2-Clause",
            "engines": {
                "node": ">=0.12"
            },
            "funding": {
                "url": "https://github.com/fb55/entities?sponsor=1"
            }
        },
        "node_modules/esbuild": {
            "version": "0.19.4",
            "dev": true,
            "hasInstallScript": true,
            "license": "MIT",
            "bin": {
                "esbuild": "bin/esbuild"
            },
            "engines": {
                "node": ">=12"
            },
            "optionalDependencies": {
                "@esbuild/android-arm": "0.19.4",
                "@esbuild/android-arm64": "0.19.4",
                "@esbuild/android-x64": "0.19.4",
                "@esbuild/darwin-arm64": "0.19.4",
                "@esbuild/darwin-x64": "0.19.4",
                "@esbuild/freebsd-arm64": "0.19.4",
                "@esbuild/freebsd-x64": "0.19.4",
                "@esbuild/linux-arm": "0.19.4",
                "@esbuild/linux-arm64": "0.19.4",
                "@esbuild/linux-ia32": "0.19.4",
                "@esbuild/linux-loong64": "0.19.4",
                "@esbuild/linux-mips64el": "0.19.4",
                "@esbuild/linux-ppc64": "0.19.4",
                "@esbuild/linux-riscv64": "0.19.4",
                "@esbuild/linux-s390x": "0.19.4",
                "@esbuild/linux-x64": "0.19.4",
                "@esbuild/netbsd-x64": "0.19.4",
                "@esbuild/openbsd-x64": "0.19.4",
                "@esbuild/sunos-x64": "0.19.4",
                "@esbuild/win32-arm64": "0.19.4",
                "@esbuild/win32-ia32": "0.19.4",
                "@esbuild/win32-x64": "0.19.4"
            }
        },
        "node_modules/form-data": {
            "version": "4.0.0",
            "dev": true,
            "license": "MIT",
            "dependencies": {
                "asynckit": "^0.4.0",
                "combined-stream": "^1.0.8",
                "mime-types": "^2.1.12"
            },
            "engines": {
                "node": ">= 6"
            }
        },
        "node_modules/fsevents": {
            "version": "2.3.3",
            "dev": true,
            "license": "MIT",
            "optional": true,
            "os": [
                "darwin"
            ],
            "engines": {
                "node": "^8.16.0 || ^10.6.0 || >=11.0.0"
            }
        },
        "node_modules/get-func-name": {
            "version": "2.0.2",
            "dev": true,
            "license": "MIT",
            "engines": {
                "node": "*"
            }
        },
        "node_modules/html-encoding-sniffer": {
            "version": "3.0.0",
            "dev": true,
            "license": "MIT",
            "dependencies": {
                "whatwg-encoding": "^2.0.0"
            },
            "engines": {
                "node": ">=12"
            }
        },
        "node_modules/http-proxy-agent": {
            "version": "5.0.0",
            "dev": true,
            "license": "MIT",
            "dependencies": {
                "@tootallnate/once": "2",
                "agent-base": "6",
                "debug": "4"
            },
            "engines": {
                "node": ">= 6"
            }
        },
        "node_modules/https-proxy-agent": {
            "version": "5.0.1",
            "dev": true,
            "license": "MIT",
            "dependencies": {
                "agent-base": "6",
                "debug": "4"
            },
            "engines": {
                "node": ">= 6"
            }
        },
        "node_modules/iconv-lite": {
            "version": "0.6.3",
            "dev": true,
            "license": "MIT",
            "dependencies": {
                "safer-buffer": ">= 2.1.2 < 3.0.0"
            },
            "engines": {
                "node": ">=0.10.0"
            }
        },
        "node_modules/is-potential-custom-element-name": {
            "version": "1.0.1",
            "dev": true,
            "license": "MIT"
        },
        "node_modules/jsdom": {
            "version": "22.1.0",
            "dev": true,
            "license": "MIT",
            "dependencies": {
                "abab": "^2.0.6",
                "cssstyle": "^3.0.0",
                "data-urls": "^4.0.0",
                "decimal.js": "^10.4.3",
                "domexception": "^4.0.0",
                "form-data": "^4.0.0",
                "html-encoding-sniffer": "^3.0.0",
                "http-proxy-agent": "^5.0.0",
                "https-proxy-agent": "^5.0.1",
                "is-potential-custom-element-name": "^1.0.1",
                "nwsapi": "^2.2.4",
                "parse5": "^7.1.2",
                "rrweb-cssom": "^0.6.0",
                "saxes": "^6.0.0",
                "symbol-tree": "^3.2.4",
                "tough-cookie": "^4.1.2",
                "w3c-xmlserializer": "^4.0.0",
                "webidl-conversions": "^7.0.0",
                "whatwg-encoding": "^2.0.0",
                "whatwg-mimetype": "^3.0.0",
                "whatwg-url": "^12.0.1",
                "ws": "^8.13.0",
                "xml-name-validator": "^4.0.0"
            },
            "engines": {
                "node": ">=16"
            },
            "peerDependencies": {
                "canvas": "^2.5.0"
            },
            "peerDependenciesMeta": {
                "canvas": {
                    "optional": true
                }
            }
        },
        "node_modules/jsonc-parser": {
            "version": "3.2.0",
            "dev": true,
            "license": "MIT"
        },
        "node_modules/local-pkg": {
            "version": "0.4.3",
            "dev": true,
            "license": "MIT",
            "engines": {
                "node": ">=14"
            },
            "funding": {
                "url": "https://github.com/sponsors/antfu"
            }
        },
        "node_modules/loupe": {
            "version": "2.3.6",
            "dev": true,
            "license": "MIT",
            "dependencies": {
                "get-func-name": "^2.0.0"
            }
        },
        "node_modules/magic-string": {
            "version": "0.30.4",
            "dev": true,
            "license": "MIT",
            "dependencies": {
                "@jridgewell/sourcemap-codec": "^1.4.15"
            },
            "engines": {
                "node": ">=12"
            }
        },
        "node_modules/mime-db": {
            "version": "1.52.0",
            "dev": true,
            "license": "MIT",
            "engines": {
                "node": ">= 0.6"
            }
        },
        "node_modules/mime-types": {
            "version": "2.1.35",
            "dev": true,
            "license": "MIT",
            "dependencies": {
                "mime-db": "1.52.0"
            },
            "engines": {
                "node": ">= 0.6"
            }
        },
        "node_modules/mlly": {
            "version": "1.4.2",
            "dev": true,
            "license": "MIT",
            "dependencies": {
                "acorn": "^8.10.0",
                "pathe": "^1.1.1",
                "pkg-types": "^1.0.3",
                "ufo": "^1.3.0"
            }
        },
        "node_modules/ms": {
            "version": "2.1.2",
            "dev": true,
            "license": "MIT"
        },
        "node_modules/nanoid": {
            "version": "3.3.6",
            "dev": true,
            "funding": [
                {
                    "type": "github",
                    "url": "https://github.com/sponsors/ai"
                }
            ],
            "license": "MIT",
            "bin": {
                "nanoid": "bin/nanoid.cjs"
            },
            "engines": {
                "node": "^10 || ^12 || ^13.7 || ^14 || >=15.0.1"
            }
        },
        "node_modules/nwsapi": {
            "version": "2.2.7",
            "dev": true,
            "license": "MIT"
        },
        "node_modules/p-limit": {
            "version": "4.0.0",
            "dev": true,
            "license": "MIT",
            "dependencies": {
                "yocto-queue": "^1.0.0"
            },
            "engines": {
                "node": "^12.20.0 || ^14.13.1 || >=16.0.0"
            },
            "funding": {
                "url": "https://github.com/sponsors/sindresorhus"
            }
        },
        "node_modules/parse5": {
            "version": "7.1.2",
            "dev": true,
            "license": "MIT",
            "dependencies": {
                "entities": "^4.4.0"
            },
            "funding": {
                "url": "https://github.com/inikulin/parse5?sponsor=1"
            }
        },
        "node_modules/pathe": {
            "version": "1.1.1",
            "dev": true,
            "license": "MIT"
        },
        "node_modules/pathval": {
            "version": "1.1.1",
            "dev": true,
            "license": "MIT",
            "engines": {
                "node": "*"
            }
        },
        "node_modules/picocolors": {
            "version": "1.0.0",
            "dev": true,
            "license": "ISC"
        },
        "node_modules/pkg-types": {
            "version": "1.0.3",
            "dev": true,
            "license": "MIT",
            "dependencies": {
                "jsonc-parser": "^3.2.0",
                "mlly": "^1.2.0",
                "pathe": "^1.1.0"
            }
        },
        "node_modules/postcss": {
            "version": "8.4.31",
            "dev": true,
            "funding": [
                {
                    "type": "opencollective",
                    "url": "https://opencollective.com/postcss/"
                },
                {
                    "type": "tidelift",
                    "url": "https://tidelift.com/funding/github/npm/postcss"
                },
                {
                    "type": "github",
                    "url": "https://github.com/sponsors/ai"
                }
            ],
            "license": "MIT",
            "dependencies": {
                "nanoid": "^3.3.6",
                "picocolors": "^1.0.0",
                "source-map-js": "^1.0.2"
            },
            "engines": {
                "node": "^10 || ^12 || >=14"
            }
        },
        "node_modules/pretty-format": {
            "version": "29.7.0",
            "dev": true,
            "license": "MIT",
            "dependencies": {
                "@jest/schemas": "^29.6.3",
                "ansi-styles": "^5.0.0",
                "react-is": "^18.0.0"
            },
            "engines": {
                "node": "^14.15.0 || ^16.10.0 || >=18.0.0"
            }
        },
        "node_modules/psl": {
            "version": "1.9.0",
            "dev": true,
            "license": "MIT"
        },
        "node_modules/punycode": {
            "version": "2.3.0",
            "dev": true,
            "license": "MIT",
            "engines": {
                "node": ">=6"
            }
        },
        "node_modules/querystringify": {
            "version": "2.2.0",
            "dev": true,
            "license": "MIT"
        },
        "node_modules/react-is": {
            "version": "18.2.0",
            "dev": true,
            "license": "MIT"
        },
        "node_modules/requires-port": {
            "version": "1.0.0",
            "dev": true,
            "license": "MIT"
        },
        "node_modules/rollup": {
            "version": "3.29.4",
            "dev": true,
            "license": "MIT",
            "bin": {
                "rollup": "dist/bin/rollup"
            },
            "engines": {
                "node": ">=14.18.0",
                "npm": ">=8.0.0"
            },
            "optionalDependencies": {
                "fsevents": "~2.3.2"
            }
        },
        "node_modules/rrweb-cssom": {
            "version": "0.6.0",
            "dev": true,
            "license": "MIT"
        },
        "node_modules/safer-buffer": {
            "version": "2.1.2",
            "dev": true,
            "license": "MIT"
        },
        "node_modules/saxes": {
            "version": "6.0.0",
            "dev": true,
            "license": "ISC",
            "dependencies": {
                "xmlchars": "^2.2.0"
            },
            "engines": {
                "node": ">=v12.22.7"
            }
        },
        "node_modules/siginfo": {
            "version": "2.0.0",
            "dev": true,
            "license": "ISC"
        },
        "node_modules/source-map-js": {
            "version": "1.0.2",
            "dev": true,
            "license": "BSD-3-Clause",
            "engines": {
                "node": ">=0.10.0"
            }
        },
        "node_modules/stackback": {
            "version": "0.0.2",
            "dev": true,
            "license": "MIT"
        },
        "node_modules/std-env": {
            "version": "3.4.3",
            "dev": true,
            "license": "MIT"
        },
        "node_modules/strip-literal": {
            "version": "1.3.0",
            "dev": true,
            "license": "MIT",
            "dependencies": {
                "acorn": "^8.10.0"
            },
            "funding": {
                "url": "https://github.com/sponsors/antfu"
            }
        },
        "node_modules/symbol-tree": {
            "version": "3.2.4",
            "dev": true,
            "license": "MIT"
        },
        "node_modules/tinybench": {
            "version": "2.5.1",
            "dev": true,
            "license": "MIT"
        },
        "node_modules/tinypool": {
            "version": "0.7.0",
            "dev": true,
            "license": "MIT",
            "engines": {
                "node": ">=14.0.0"
            }
        },
        "node_modules/tinyspy": {
            "version": "2.2.0",
            "dev": true,
            "license": "MIT",
            "engines": {
                "node": ">=14.0.0"
            }
        },
        "node_modules/tough-cookie": {
            "version": "4.1.3",
            "dev": true,
            "license": "BSD-3-Clause",
            "dependencies": {
                "psl": "^1.1.33",
                "punycode": "^2.1.1",
                "universalify": "^0.2.0",
                "url-parse": "^1.5.3"
            },
            "engines": {
                "node": ">=6"
            }
        },
        "node_modules/tr46": {
            "version": "4.1.1",
            "dev": true,
            "license": "MIT",
            "dependencies": {
                "punycode": "^2.3.0"
            },
            "engines": {
                "node": ">=14"
            }
        },
        "node_modules/type-detect": {
            "version": "4.0.8",
            "dev": true,
            "license": "MIT",
            "engines": {
                "node": ">=4"
            }
        },
        "node_modules/typescript": {
            "version": "5.2.2",
            "dev": true,
            "license": "Apache-2.0",
            "bin": {
                "tsc": "bin/tsc",
                "tsserver": "bin/tsserver"
            },
            "engines": {
                "node": ">=14.17"
            }
        },
        "node_modules/ufo": {
            "version": "1.3.1",
            "dev": true,
            "license": "MIT"
        },
        "node_modules/universalify": {
            "version": "0.2.0",
            "dev": true,
            "license": "MIT",
            "engines": {
                "node": ">= 4.0.0"
            }
        },
        "node_modules/url-parse": {
            "version": "1.5.10",
            "dev": true,
            "license": "MIT",
            "dependencies": {
                "querystringify": "^2.1.1",
                "requires-port": "^1.0.0"
            }
        },
        "node_modules/vite": {
            "version": "5.0.0-beta.4",
            "dev": true,
            "license": "MIT",
            "dependencies": {
                "esbuild": "^0.19.3",
                "postcss": "^8.4.30",
                "rollup": "^3.29.2"
            },
            "bin": {
                "vite": "bin/vite.js"
            },
            "engines": {
                "node": "^18.0.0 || >=20.0.0"
            },
            "funding": {
                "url": "https://github.com/vitejs/vite?sponsor=1"
            },
            "optionalDependencies": {
                "fsevents": "~2.3.3"
            },
            "peerDependencies": {
                "@types/node": "^18.0.0 || >=20.0.0",
                "less": "*",
                "lightningcss": "^1.21.0",
                "sass": "*",
                "stylus": "*",
                "sugarss": "*",
                "terser": "^5.4.0"
            },
            "peerDependenciesMeta": {
                "@types/node": {
                    "optional": true
                },
                "less": {
                    "optional": true
                },
                "lightningcss": {
                    "optional": true
                },
                "sass": {
                    "optional": true
                },
                "stylus": {
                    "optional": true
                },
                "sugarss": {
                    "optional": true
                },
                "terser": {
                    "optional": true
                }
            }
        },
        "node_modules/vite-node": {
            "version": "0.34.6",
            "dev": true,
            "license": "MIT",
            "dependencies": {
                "cac": "^6.7.14",
                "debug": "^4.3.4",
                "mlly": "^1.4.0",
                "pathe": "^1.1.1",
                "picocolors": "^1.0.0",
                "vite": "^3.0.0 || ^4.0.0 || ^5.0.0-0"
            },
            "bin": {
                "vite-node": "vite-node.mjs"
            },
            "engines": {
                "node": ">=v14.18.0"
            },
            "funding": {
                "url": "https://opencollective.com/vitest"
            }
        },
        "node_modules/vitest": {
            "version": "0.34.6",
            "dev": true,
            "license": "MIT",
            "dependencies": {
                "@types/chai": "^4.3.5",
                "@types/chai-subset": "^1.3.3",
                "@types/node": "*",
                "@vitest/expect": "0.34.6",
                "@vitest/runner": "0.34.6",
                "@vitest/snapshot": "0.34.6",
                "@vitest/spy": "0.34.6",
                "@vitest/utils": "0.34.6",
                "acorn": "^8.9.0",
                "acorn-walk": "^8.2.0",
                "cac": "^6.7.14",
                "chai": "^4.3.10",
                "debug": "^4.3.4",
                "local-pkg": "^0.4.3",
                "magic-string": "^0.30.1",
                "pathe": "^1.1.1",
                "picocolors": "^1.0.0",
                "std-env": "^3.3.3",
                "strip-literal": "^1.0.1",
                "tinybench": "^2.5.0",
                "tinypool": "^0.7.0",
                "vite": "^3.1.0 || ^4.0.0 || ^5.0.0-0",
                "vite-node": "0.34.6",
                "why-is-node-running": "^2.2.2"
            },
            "bin": {
                "vitest": "vitest.mjs"
            },
            "engines": {
                "node": ">=v14.18.0"
            },
            "funding": {
                "url": "https://opencollective.com/vitest"
            },
            "peerDependencies": {
                "@edge-runtime/vm": "*",
                "@vitest/browser": "*",
                "@vitest/ui": "*",
                "happy-dom": "*",
                "jsdom": "*",
                "playwright": "*",
                "safaridriver": "*",
                "webdriverio": "*"
            },
            "peerDependenciesMeta": {
                "@edge-runtime/vm": {
                    "optional": true
                },
                "@vitest/browser": {
                    "optional": true
                },
                "@vitest/ui": {
                    "optional": true
                },
                "happy-dom": {
                    "optional": true
                },
                "jsdom": {
                    "optional": true
                },
                "playwright": {
                    "optional": true
                },
                "safaridriver": {
                    "optional": true
                },
                "webdriverio": {
                    "optional": true
                }
            }
        },
        "node_modules/w3c-xmlserializer": {
            "version": "4.0.0",
            "dev": true,
            "license": "MIT",
            "dependencies": {
                "xml-name-validator": "^4.0.0"
            },
            "engines": {
                "node": ">=14"
            }
        },
        "node_modules/webidl-conversions": {
            "version": "7.0.0",
            "dev": true,
            "license": "BSD-2-Clause",
            "engines": {
                "node": ">=12"
            }
        },
        "node_modules/whatwg-encoding": {
            "version": "2.0.0",
            "dev": true,
            "license": "MIT",
            "dependencies": {
                "iconv-lite": "0.6.3"
            },
            "engines": {
                "node": ">=12"
            }
        },
        "node_modules/whatwg-mimetype": {
            "version": "3.0.0",
            "dev": true,
            "license": "MIT",
            "engines": {
                "node": ">=12"
            }
        },
        "node_modules/whatwg-url": {
            "version": "12.0.1",
            "dev": true,
            "license": "MIT",
            "dependencies": {
                "tr46": "^4.1.1",
                "webidl-conversions": "^7.0.0"
            },
            "engines": {
                "node": ">=14"
            }
        },
        "node_modules/why-is-node-running": {
            "version": "2.2.2",
            "dev": true,
            "license": "MIT",
            "dependencies": {
                "siginfo": "^2.0.0",
                "stackback": "0.0.2"
            },
            "bin": {
                "why-is-node-running": "cli.js"
            },
            "engines": {
                "node": ">=8"
            }
        },
        "node_modules/ws": {
            "version": "8.14.2",
            "dev": true,
            "license": "MIT",
            "engines": {
                "node": ">=10.0.0"
            },
            "peerDependencies": {
                "bufferutil": "^4.0.1",
                "utf-8-validate": ">=5.0.2"
            },
            "peerDependenciesMeta": {
                "bufferutil": {
                    "optional": true
                },
                "utf-8-validate": {
                    "optional": true
                }
            }
        },
        "node_modules/xml-name-validator": {
            "version": "4.0.0",
            "dev": true,
            "license": "Apache-2.0",
            "engines": {
                "node": ">=12"
            }
        },
        "node_modules/xmlchars": {
            "version": "2.2.0",
            "dev": true,
            "license": "MIT"
        },
        "node_modules/yocto-queue": {
            "version": "1.0.0",
            "dev": true,
            "license": "MIT",
            "engines": {
                "node": ">=12.20"
            },
            "funding": {
                "url": "https://github.com/sponsors/sindresorhus"
            }
        }
    }
}
